
Microsoft Visual Studio Solution File, Format Version 12.00
# Visual Studio 2012
Project("{FAE04EC0-301F-11D3-BF4B-00C04F79EFBC}") = "Video", "Video\Video.csproj", "{1BC2DD45-03CA-4B91-9F4F-5CE03C4DB182}"
EndProject
Global
	GlobalSection(SolutionConfigurationPlatforms) = preSolution
		Debug|Any CPU = Debug|Any CPU
		Release|Any CPU = Release|Any CPU
	EndGlobalSection
	GlobalSection(ProjectConfigurationPlatforms) = postSolution
		{1BC2DD45-03CA-4B91-9F4F-5CE03C4DB182}.Debug|Any CPU.ActiveCfg = Debug|Any CPU
		{1BC2DD45-03CA-4B91-9F4F-5CE03C4DB182}.Debug|Any CPU.Build.0 = Debug|Any CPU
		{1BC2DD45-03CA-4B91-9F4F-5CE03C4DB182}.Release|Any CPU.ActiveCfg = Release|Any CPU
		{1BC2DD45-03CA-4B91-9F4F-5CE03C4DB182}.Release|Any CPU.Build.0 = Release|Any CPU
	EndGlobalSection
	GlobalSection(SolutionProperties) = preSolution
		HideSolutionNode = FALSE
	EndGlobalSection
EndGlobal
